{
  "pins" : [
    {
      "identity" : "openssl-apple",
      "kind" : "remoteSourceControl",
      "location" : "https://github.com/passepartoutvpn/openssl-apple",
      "state" : {
        "revision" : "8d8db0e0b9aaad1dbb7c09b387d91b7b3af93415",
        "version" : "3.5.101"
      }
    },
    {
      "identity" : "swiftybeaver",
      "kind" : "remoteSourceControl",
      "location" : "https://github.com/SwiftyBeaver/SwiftyBeaver",
      "state" : {
        "revision" : "8cba041db09596183331d123f337d0eb2e6e8e91",
        "version" : "2.1.1"
      }
    },
    {
      "identity" : "wireguard-apple",
      "kind" : "remoteSourceControl",
      "location" : "https://github.com/amnezia-vpn/amneziawg-apple.git",
      "state" : {
        "branch" : "master",
        "revision" : "1bac3889d381c86195e41607a047c0c789c6f852"
      }
    }
  ],
  "version" : 2
}
